
Microsoft Visual Studio Solution File, Format Version 12.00
# Visual Studio Version 16
VisualStudioVersion = 16.0.28803.202
MinimumVisualStudioVersion = 10.0.40219.1
Project("{FAE04EC0-301F-11D3-BF4B-00C04F79EFBC}") = "EFSpace", "EFSpace.csproj", "{EBB85F3E-E3D2-4E87-9301-79CD81B244EA}"
EndProject
Global
	GlobalSection(SolutionConfigurationPlatforms) = preSolution
		Debug|Any CPU = Debug|Any CPU
		Release|Any CPU = Release|Any CPU
	EndGlobalSection
	GlobalSection(ProjectConfigurationPlatforms) = postSolution
		{EBB85F3E-E3D2-4E87-9301-79CD81B244EA}.Debug|Any CPU.ActiveCfg = Debug|Any CPU
		{EBB85F3E-E3D2-4E87-9301-79CD81B244EA}.Debug|Any CPU.Build.0 = Debug|Any CPU
		{EBB85F3E-E3D2-4E87-9301-79CD81B244EA}.Release|Any CPU.ActiveCfg = Release|Any CPU
		{EBB85F3E-E3D2-4E87-9301-79CD81B244EA}.Release|Any CPU.Build.0 = Release|Any CPU
	EndGlobalSection
	GlobalSection(SolutionProperties) = preSolution
		HideSolutionNode = FALSE
	EndGlobalSection
	GlobalSection(ExtensibilityGlobals) = postSolution
		SolutionGuid = {B83FDEA9-E339-4902-AA55-3C287F319D37}
	EndGlobalSection
EndGlobal
